
Microsoft Visual Studio Solution File, Format Version 12.00
# Visual Studio Version 17
VisualStudioVersion = 17.0.32014.148
MinimumVisualStudioVersion = 10.0.40219.1
Project("{FAE04EC0-301F-11D3-BF4B-00C04F79EFBC}") = "GrxTest2", "GrxTest2.csproj", "{ED4FAD29-D57C-411C-AF13-036945C407B5}"
EndProject
Global
	GlobalSection(SolutionConfigurationPlatforms) = preSolution
		Debug|Any CPU = Debug|Any CPU
		Release|Any CPU = Release|Any CPU
	EndGlobalSection
	GlobalSection(ProjectConfigurationPlatforms) = postSolution
		{ED4FAD29-D57C-411C-AF13-036945C407B5}.Debug|Any CPU.ActiveCfg = Debug|Any CPU
		{ED4FAD29-D57C-411C-AF13-036945C407B5}.Debug|Any CPU.Build.0 = Debug|Any CPU
		{ED4FAD29-D57C-411C-AF13-036945C407B5}.Release|Any CPU.ActiveCfg = Release|Any CPU
		{ED4FAD29-D57C-411C-AF13-036945C407B5}.Release|Any CPU.Build.0 = Release|Any CPU
	EndGlobalSection
	GlobalSection(SolutionProperties) = preSolution
		HideSolutionNode = FALSE
	EndGlobalSection
	GlobalSection(ExtensibilityGlobals) = postSolution
		SolutionGuid = {F2DCD31C-4B15-442F-86A0-B99A9F3E84F6}
	EndGlobalSection
EndGlobal
